
Microsoft Visual Studio Solution File, Format Version 12.00
# Visual Studio 2012
VisualStudioVersion = 12.0.31101.0
MinimumVisualStudioVersion = 10.0.40219.1
Project("{FAE04EC0-301F-11D3-BF4B-00C04F79EFBC}") = "MathParser", "shunting_yard\MathParser.csproj", "{0BFAE215-D589-446E-8FED-89A00EAB498C}"
EndProject
Project("{FAE04EC0-301F-11D3-BF4B-00C04F79EFBC}") = "ExpressionTest", "ExpressionTest\ExpressionTest.csproj", "{6578803C-9849-4BB2-BEAA-C1D0DB6A7935}"
EndProject
Project("{FAE04EC0-301F-11D3-BF4B-00C04F79EFBC}") = "Demo", "Demo\Demo.csproj", "{19445B87-ABD9-426D-B64E-69C5BA36CDFB}"
EndProject
Project("{2150E333-8FDC-42A3-9474-1A3956D46DE8}") = "Solution Items", "Solution Items", "{C0244225-CF5F-460E-BD5D-DF074CE8F5DA}"
	ProjectSection(SolutionItems) = preProject
		README.md = README.md
	EndProjectSection
EndProject
Project("{FAE04EC0-301F-11D3-BF4B-00C04F79EFBC}") = "FileTokenizer", "FileTokenizer\FileTokenizer.csproj", "{512EABD8-D492-42CF-96A1-5220310A7DEE}"
EndProject
Global
	GlobalSection(SolutionConfigurationPlatforms) = preSolution
		Debug|Any CPU = Debug|Any CPU
		Release|Any CPU = Release|Any CPU
	EndGlobalSection
	GlobalSection(ProjectConfigurationPlatforms) = postSolution
		{0BFAE215-D589-446E-8FED-89A00EAB498C}.Debug|Any CPU.ActiveCfg = Debug|Any CPU
		{0BFAE215-D589-446E-8FED-89A00EAB498C}.Debug|Any CPU.Build.0 = Debug|Any CPU
		{0BFAE215-D589-446E-8FED-89A00EAB498C}.Release|Any CPU.ActiveCfg = Release|Any CPU
		{0BFAE215-D589-446E-8FED-89A00EAB498C}.Release|Any CPU.Build.0 = Release|Any CPU
		{19445B87-ABD9-426D-B64E-69C5BA36CDFB}.Debug|Any CPU.ActiveCfg = Debug|Any CPU
		{19445B87-ABD9-426D-B64E-69C5BA36CDFB}.Debug|Any CPU.Build.0 = Debug|Any CPU
		{19445B87-ABD9-426D-B64E-69C5BA36CDFB}.Release|Any CPU.ActiveCfg = Release|Any CPU
		{19445B87-ABD9-426D-B64E-69C5BA36CDFB}.Release|Any CPU.Build.0 = Release|Any CPU
		{6578803C-9849-4BB2-BEAA-C1D0DB6A7935}.Debug|Any CPU.ActiveCfg = Debug|Any CPU
		{6578803C-9849-4BB2-BEAA-C1D0DB6A7935}.Debug|Any CPU.Build.0 = Debug|Any CPU
		{6578803C-9849-4BB2-BEAA-C1D0DB6A7935}.Release|Any CPU.ActiveCfg = Release|Any CPU
		{6578803C-9849-4BB2-BEAA-C1D0DB6A7935}.Release|Any CPU.Build.0 = Release|Any CPU
		{512EABD8-D492-42CF-96A1-5220310A7DEE}.Debug|Any CPU.ActiveCfg = Debug|Any CPU
		{512EABD8-D492-42CF-96A1-5220310A7DEE}.Debug|Any CPU.Build.0 = Debug|Any CPU
		{512EABD8-D492-42CF-96A1-5220310A7DEE}.Release|Any CPU.ActiveCfg = Release|Any CPU
		{512EABD8-D492-42CF-96A1-5220310A7DEE}.Release|Any CPU.Build.0 = Release|Any CPU
	EndGlobalSection
	GlobalSection(SolutionProperties) = preSolution
		HideSolutionNode = FALSE
	EndGlobalSection
EndGlobal
